
Microsoft Visual Studio Solution File, Format Version 12.00
# Visual Studio Version 16
VisualStudioVersion = 16.0.31624.102
MinimumVisualStudioVersion = 10.0.40219.1
Project("{FAE04EC0-301F-11D3-BF4B-00C04F79EFBC}") = "FAssignment4", "FAssignment4\FAssignment4.csproj", "{4E1C9422-655D-4BBB-97F1-631031BBABE6}"
EndProject
Global
	GlobalSection(SolutionConfigurationPlatforms) = preSolution
		Debug|Any CPU = Debug|Any CPU
		Release|Any CPU = Release|Any CPU
	EndGlobalSection
	GlobalSection(ProjectConfigurationPlatforms) = postSolution
		{4E1C9422-655D-4BBB-97F1-631031BBABE6}.Debug|Any CPU.ActiveCfg = Debug|Any CPU
		{4E1C9422-655D-4BBB-97F1-631031BBABE6}.Debug|Any CPU.Build.0 = Debug|Any CPU
		{4E1C9422-655D-4BBB-97F1-631031BBABE6}.Release|Any CPU.ActiveCfg = Release|Any CPU
		{4E1C9422-655D-4BBB-97F1-631031BBABE6}.Release|Any CPU.Build.0 = Release|Any CPU
	EndGlobalSection
	GlobalSection(SolutionProperties) = preSolution
		HideSolutionNode = FALSE
	EndGlobalSection
	GlobalSection(ExtensibilityGlobals) = postSolution
		SolutionGuid = {8478345A-D202-49F4-AEE8-6F59CA3F3CAC}
	EndGlobalSection
EndGlobal
