
Microsoft Visual Studio Solution File, Format Version 12.00
# Visual Studio Version 16
VisualStudioVersion = 16.0.31624.102
MinimumVisualStudioVersion = 10.0.40219.1
Project("{FAE04EC0-301F-11D3-BF4B-00C04F79EFBC}") = "FAssignment2", "FAssignment2\FAssignment2.csproj", "{083BE77B-1DF3-4BE7-B69A-5E22840CEF89}"
EndProject
Global
	GlobalSection(SolutionConfigurationPlatforms) = preSolution
		Debug|Any CPU = Debug|Any CPU
		Release|Any CPU = Release|Any CPU
	EndGlobalSection
	GlobalSection(ProjectConfigurationPlatforms) = postSolution
		{083BE77B-1DF3-4BE7-B69A-5E22840CEF89}.Debug|Any CPU.ActiveCfg = Debug|Any CPU
		{083BE77B-1DF3-4BE7-B69A-5E22840CEF89}.Debug|Any CPU.Build.0 = Debug|Any CPU
		{083BE77B-1DF3-4BE7-B69A-5E22840CEF89}.Release|Any CPU.ActiveCfg = Release|Any CPU
		{083BE77B-1DF3-4BE7-B69A-5E22840CEF89}.Release|Any CPU.Build.0 = Release|Any CPU
	EndGlobalSection
	GlobalSection(SolutionProperties) = preSolution
		HideSolutionNode = FALSE
	EndGlobalSection
	GlobalSection(ExtensibilityGlobals) = postSolution
		SolutionGuid = {72BA5E63-EE18-45AC-9D7C-B7FD559C96CC}
	EndGlobalSection
EndGlobal
