
Microsoft Visual Studio Solution File, Format Version 12.00
# Visual Studio Version 16
VisualStudioVersion = 16.0.31624.102
MinimumVisualStudioVersion = 10.0.40219.1
Project("{FAE04EC0-301F-11D3-BF4B-00C04F79EFBC}") = "PrimeNumbers", "PrimeNumbers\PrimeNumbers.csproj", "{AFA8237F-2B32-44D6-8C16-8326A17BD89A}"
EndProject
Global
	GlobalSection(SolutionConfigurationPlatforms) = preSolution
		Debug|Any CPU = Debug|Any CPU
		Release|Any CPU = Release|Any CPU
	EndGlobalSection
	GlobalSection(ProjectConfigurationPlatforms) = postSolution
		{AFA8237F-2B32-44D6-8C16-8326A17BD89A}.Debug|Any CPU.ActiveCfg = Debug|Any CPU
		{AFA8237F-2B32-44D6-8C16-8326A17BD89A}.Debug|Any CPU.Build.0 = Debug|Any CPU
		{AFA8237F-2B32-44D6-8C16-8326A17BD89A}.Release|Any CPU.ActiveCfg = Release|Any CPU
		{AFA8237F-2B32-44D6-8C16-8326A17BD89A}.Release|Any CPU.Build.0 = Release|Any CPU
	EndGlobalSection
	GlobalSection(SolutionProperties) = preSolution
		HideSolutionNode = FALSE
	EndGlobalSection
	GlobalSection(ExtensibilityGlobals) = postSolution
		SolutionGuid = {6ACA7EB7-4EF9-498D-90F2-61032A1BD26D}
	EndGlobalSection
EndGlobal
