
Microsoft Visual Studio Solution File, Format Version 12.00
# Visual Studio Version 16
VisualStudioVersion = 16.0.31624.102
MinimumVisualStudioVersion = 10.0.40219.1
Project("{FAE04EC0-301F-11D3-BF4B-00C04F79EFBC}") = "DivisibleByNine", "DivisibleByNine\DivisibleByNine.csproj", "{9A423F61-00EF-4657-9C52-FC386478FF4A}"
EndProject
Global
	GlobalSection(SolutionConfigurationPlatforms) = preSolution
		Debug|Any CPU = Debug|Any CPU
		Release|Any CPU = Release|Any CPU
	EndGlobalSection
	GlobalSection(ProjectConfigurationPlatforms) = postSolution
		{9A423F61-00EF-4657-9C52-FC386478FF4A}.Debug|Any CPU.ActiveCfg = Debug|Any CPU
		{9A423F61-00EF-4657-9C52-FC386478FF4A}.Debug|Any CPU.Build.0 = Debug|Any CPU
		{9A423F61-00EF-4657-9C52-FC386478FF4A}.Release|Any CPU.ActiveCfg = Release|Any CPU
		{9A423F61-00EF-4657-9C52-FC386478FF4A}.Release|Any CPU.Build.0 = Release|Any CPU
	EndGlobalSection
	GlobalSection(SolutionProperties) = preSolution
		HideSolutionNode = FALSE
	EndGlobalSection
	GlobalSection(ExtensibilityGlobals) = postSolution
		SolutionGuid = {09531A77-2842-462E-AF38-3EDDB6349A30}
	EndGlobalSection
EndGlobal
